// !$*UTF8*$!
{
	archiveVersion = 1;
	classes = {
	};
	objectVersion = 50;
	objects = {

/* Begin PBXBuildFile section */
		CC5598BF262DB6A8008EE8D4 /* AppDelegate.swift in Sources */ = {isa = PBXBuildFile; fileRef = CC5598BE262DB6A8008EE8D4 /* AppDelegate.swift */; };
		CC5598C1262DB6A8008EE8D4 /* SceneDelegate.swift in Sources */ = {isa = PBXBuildFile; fileRef = CC5598C0262DB6A8008EE8D4 /* SceneDelegate.swift */; };
		CC5598C3262DB6A8008EE8D4 /* ContentView.swift in Sources */ = {isa = PBXBuildFile; fileRef = CC5598C2262DB6A8008EE8D4 /* ContentView.swift */; };
		CC5598C5262DB6AA008EE8D4 /* Assets.xcassets in Resources */ = {isa = PBXBuildFile; fileRef = CC5598C4262DB6AA008EE8D4 /* Assets.xcassets */; };
		CC5598C8262DB6AA008EE8D4 /* Preview Assets.xcassets in Resources */ = {isa = PBXBuildFile; fileRef = CC5598C7262DB6AA008EE8D4 /* Preview Assets.xcassets */; };
		CC5598CB262DB6AA008EE8D4 /* LaunchScreen.storyboard in Resources */ = {isa = PBXBuildFile; fileRef = CC5598C9262DB6AA008EE8D4 /* LaunchScreen.storyboard */; };
/* End PBXBuildFile section */

/* Begin PBXFileReference section */
		CC5598BB262DB6A8008EE8D4 /* HelloWord_alpha.app */ = {isa = PBXFileReference; explicitFileType = wrapper.application; includeInIndex = 0; path = HelloWord_alpha.app; sourceTree = BUILT_PRODUCTS_DIR; };
		CC5598BE262DB6A8008EE8D4 /* AppDelegate.swift */ = {isa = PBXFileReference; lastKnownFileType = sourcecode.swift; path = AppDelegate.swift; sourceTree = "<group>"; };
		CC5598C0262DB6A8008EE8D4 /* SceneDelegate.swift */ = {isa = PBXFileReference; lastKnownFileType = sourcecode.swift; path = SceneDelegate.swift; sourceTree = "<group>"; };
		CC5598C2262DB6A8008EE8D4 /* ContentView.swift */ = {isa = PBXFileReference; lastKnownFileType = sourcecode.swift; path = ContentView.swift; sourceTree = "<group>"; };
		CC5598C4262DB6AA008EE8D4 /* Assets.xcassets */ = {isa = PBXFileReference; lastKnownFileType = folder.assetcatalog; path = Assets.xcassets; sourceTree = "<group>"; };
		CC5598C7262DB6AA008EE8D4 /* Preview Assets.xcassets */ = {isa = PBXFileReference; lastKnownFileType = folder.assetcatalog; path = "Preview Assets.xcassets"; sourceTree = "<group>"; };
		CC5598CA262DB6AA008EE8D4 /* Base */ = {isa = PBXFileReference; lastKnownFileType = file.storyboard; name = Base; path = Base.lproj/LaunchScreen.storyboard; sourceTree = "<group>"; };
		CC5598CC262DB6AA008EE8D4 /* Info.plist */ = {isa = PBXFileReference; lastKnownFileType = text.plist.xml; path = Info.plist; sourceTree = "<group>"; };
/* End PBXFileReference section */

/* Begin PBXFrameworksBuildPhase section */
		CC5598B8262DB6A8008EE8D4 /* Frameworks */ = {
			isa = PBXFrameworksBuildPhase;
			buildActionMask = 2147483647;
			files = (
			);
			runOnlyForDeploymentPostprocessing = 0;
		};
/* End PBXFrameworksBuildPhase section */

/* Begin PBXGroup section */
		CC5598B2262DB6A8008EE8D4 = {
			isa = PBXGroup;
			children = (
				CC5598BD262DB6A8008EE8D4 /* HelloWord_alpha */,
				CC5598BC262DB6A8008EE8D4 /* Products */,
			);
			sourceTree = "<group>";
		};
		CC5598BC262DB6A8008EE8D4 /* Products */ = {
			isa = PBXGroup;
			children = (
				CC5598BB262DB6A8008EE8D4 /* HelloWord_alpha.app */,
			);
			name = Products;
			sourceTree = "<group>";
		};
		CC5598BD262DB6A8008EE8D4 /* HelloWord_alpha */ = {
			isa = PBXGroup;
			children = (
				CC5598BE262DB6A8008EE8D4 /* AppDelegate.swift */,
				CC5598C0262DB6A8008EE8D4 /* SceneDelegate.swift */,
				CC5598C2262DB6A8008EE8D4 /* ContentView.swift */,
				CC5598C4262DB6AA008EE8D4 /* Assets.xcassets */,
				CC5598C9262DB6AA008EE8D4 /* LaunchScreen.storyboard */,
				CC5598CC262DB6AA008EE8D4 /* Info.plist */,
				CC5598C6262DB6AA008EE8D4 /* Preview Content */,
			);
			path = HelloWord_alpha;
			sourceTree = "<group>";
		};
		CC5598C6262DB6AA008EE8D4 /* Preview Content */ = {
			isa = PBXGroup;
			children = (
				CC5598C7262DB6AA008EE8D4 /* Preview Assets.xcassets */,
			);
			path = "Preview Content";
			sourceTree = "<group>";
		};
/* End PBXGroup section */

/* Begin PBXNativeTarget section */
		CC5598BA262DB6A8008EE8D4 /* HelloWord_alpha */ = {
			isa = PBXNativeTarget;
			buildConfigurationList = CC5598CF262DB6AA008EE8D4 /* Build configuration list for PBXNativeTarget "HelloWord_alpha" */;
			buildPhases = (
				CC5598B7262DB6A8008EE8D4 /* Sources */,
				CC5598B8262DB6A8008EE8D4 /* Frameworks */,
				CC5598B9262DB6A8008EE8D4 /* Resources */,
			);
			buildRules = (
			);
			dependencies = (
			);
			name = HelloWord_alpha;
			productName = HelloWord_alpha;
			productReference = CC5598BB262DB6A8008EE8D4 /* HelloWord_alpha.app */;
			productType = "com.apple.product-type.application";
		};
/* End PBXNativeTarget section */

/* Begin PBXProject section */
		CC5598B3262DB6A8008EE8D4 /* Project object */ = {
			isa = PBXProject;
			attributes = {
				LastSwiftUpdateCheck = 1240;
				LastUpgradeCheck = 1240;
				TargetAttributes = {
					CC5598BA262DB6A8008EE8D4 = {
						CreatedOnToolsVersion = 12.4;
					};
				};
			};
			buildConfigurationList = CC5598B6262DB6A8008EE8D4 /* Build configuration list for PBXProject "HelloWord_alpha" */;
			compatibilityVersion = "Xcode 9.3";
			developmentRegion = en;
			hasScannedForEncodings = 0;
			knownRegions = (
				en,
				Base,
			);
			mainGroup = CC5598B2262DB6A8008EE8D4;
			productRefGroup = CC5598BC262DB6A8008EE8D4 /* Products */;
			projectDirPath = "";
			projectRoot = "";
			targets = (
				CC5598BA262DB6A8008EE8D4 /* HelloWord_alpha */,
			);
		};
/* End PBXProject section */

/* Begin PBXResourcesBuildPhase section */
		CC5598B9262DB6A8008EE8D4 /* Resources */ = {
			isa = PBXResourcesBuildPhase;
			buildActionMask = 2147483647;
			files = (
				CC5598CB262DB6AA008EE8D4 /* LaunchScreen.storyboard in Resources */,
				CC5598C8262DB6AA008EE8D4 /* Preview Assets.xcassets in Resources */,
				CC5598C5262DB6AA008EE8D4 /* Assets.xcassets in Resources */,
			);
			runOnlyForDeploymentPostprocessing = 0;
		};
/* End PBXResourcesBuildPhase section */

/* Begin PBXSourcesBuildPhase section */
		CC5598B7262DB6A8008EE8D4 /* Sources */ = {
			isa = PBXSourcesBuildPhase;
			buildActionMask = 2147483647;
			files = (
				CC5598BF262DB6A8008EE8D4 /* AppDelegate.swift in Sources */,
				CC5598C1262DB6A8008EE8D4 /* SceneDelegate.swift in Sources */,
				CC5598C3262DB6A8008EE8D4 /* ContentView.swift in Sources */,
			);
			runOnlyForDeploymentPostprocessing = 0;
		};
/* End PBXSourcesBuildPhase section */

/* Begin PBXVariantGroup section */
		CC5598C9262DB6AA008EE8D4 /* LaunchScreen.storyboard */ = {
			isa = PBXVariantGroup;
			children = (
				CC5598CA262DB6AA008EE8D4 /* Base */,
			);
			name = LaunchScreen.storyboard;
			sourceTree = "<group>";
		};
/* End PBXVariantGroup section */

/* Begin XCBuildConfiguration section */
		CC5598CD262DB6AA008EE8D4 /* Debug */ = {
			isa = XCBuildConfiguration;
			buildSettings = {
				ALWAYS_SEARCH_USER_PATHS = NO;
				CLANG_ANALYZER_NONNULL = YES;
				CLANG_ANALYZER_NUMBER_OBJECT_CONVERSION = YES_AGGRESSIVE;
				CLANG_CXX_LANGUAGE_STANDARD = "gnu++14";
				CLANG_CXX_LIBRARY = "libc++";
				CLANG_ENABLE_MODULES = YES;
				CLANG_ENABLE_OBJC_ARC = YES;
				CLANG_ENABLE_OBJC_WEAK = YES;
				CLANG_WARN_BLOCK_CAPTURE_AUTORELEASING = YES;
				CLANG_WARN_BOOL_CONVERSION = YES;
				CLANG_WARN_COMMA = YES;
				CLANG_WARN_CONSTANT_CONVERSION = YES;
				CLANG_WARN_DEPRECATED_OBJC_IMPLEMENTATIONS = YES;
				CLANG_WARN_DIRECT_OBJC_ISA_USAGE = YES_ERROR;
				CLANG_WARN_DOCUMENTATION_COMMENTS = YES;
				CLANG_WARN_EMPTY_BODY = YES;
				CLANG_WARN_ENUM_CONVERSION = YES;
				CLANG_WARN_INFINITE_RECURSION = YES;
				CLANG_WARN_INT_CONVERSION = YES;
				CLANG_WARN_NON_LITERAL_NULL_CONVERSION = YES;
				CLANG_WARN_OBJC_IMPLICIT_RETAIN_SELF = YES;
				CLANG_WARN_OBJC_LITERAL_CONVERSION = YES;
				CLANG_WARN_OBJC_ROOT_CLASS = YES_ERROR;
				CLANG_WARN_QUOTED_INCLUDE_IN_FRAMEWORK_HEADER = YES;
				CLANG_WARN_RANGE_LOOP_ANALYSIS = YES;
				CLANG_WARN_STRICT_PROTOTYPES = YES;
				CLANG_WARN_SUSPICIOUS_MOVE = YES;
				CLANG_WARN_UNGUARDED_AVAILABILITY = YES_AGGRESSIVE;
				CLANG_WARN_UNREACHABLE_CODE = YES;
				CLANG_WARN__DUPLICATE_METHOD_MATCH = YES;
				COPY_PHASE_STRIP = NO;
				DEBUG_INFORMATION_FORMAT = dwarf;
				ENABLE_STRICT_OBJC_MSGSEND = YES;
				ENABLE_TESTABILITY = YES;
				GCC_C_LANGUAGE_STANDARD = gnu11;
				GCC_DYNAMIC_NO_PIC = NO;
				GCC_NO_COMMON_BLOCKS = YES;
				GCC_OPTIMIZATION_LEVEL = 0;
				GCC_PREPROCESSOR_DEFINITIONS = (
					"DEBUG=1",
					"$(inherited)",
				);
				GCC_WARN_64_TO_32_BIT_CONVERSION = YES;
				GCC_WARN_ABOUT_RETURN_TYPE = YES_ERROR;
				GCC_WARN_UNDECLARED_SELECTOR = YES;
				GCC_WARN_UNINITIALIZED_AUTOS = YES_AGGRESSIVE;
				GCC_WARN_UNUSED_FUNCTION = YES;
				GCC_WARN_UNUSED_VARIABLE = YES;
				IPHONEOS_DEPLOYMENT_TARGET = 14.4;
				MTL_ENABLE_DEBUG_INFO = INCLUDE_SOURCE;
				MTL_FAST_MATH = YES;
				ONLY_ACTIVE_ARCH = YES;
				SDKROOT = iphoneos;
				SWIFT_ACTIVE_COMPILATION_CONDITIONS = DEBUG;
				SWIFT_OPTIMIZATION_LEVEL = "-Onone";
			};
			name = Debug;
		};
		CC5598CE262DB6AA008EE8D4 /* Release */ = {
			isa = XCBuildConfiguration;
			buildSettings = {
				ALWAYS_SEARCH_USER_PATHS = NO;
				CLANG_ANALYZER_NONNULL = YES;
				CLANG_ANALYZER_NUMBER_OBJECT_CONVERSION = YES_AGGRESSIVE;
				CLANG_CXX_LANGUAGE_STANDARD = "gnu++14";
				CLANG_CXX_LIBRARY = "libc++";
				CLANG_ENABLE_MODULES = YES;
				CLANG_ENABLE_OBJC_ARC = YES;
				CLANG_ENABLE_OBJC_WEAK = YES;
				CLANG_WARN_BLOCK_CAPTURE_AUTORELEASING = YES;
				CLANG_WARN_BOOL_CONVERSION = YES;
				CLANG_WARN_COMMA = YES;
				CLANG_WARN_CONSTANT_CONVERSION = YES;
				CLANG_WARN_DEPRECATED_OBJC_IMPLEMENTATIONS = YES;
				CLANG_WARN_DIRECT_OBJC_ISA_USAGE = YES_ERROR;
				CLANG_WARN_DOCUMENTATION_COMMENTS = YES;
				CLANG_WARN_EMPTY_BODY = YES;
				CLANG_WARN_ENUM_CONVERSION = YES;
				CLANG_WARN_INFINITE_RECURSION = YES;
				CLANG_WARN_INT_CONVERSION = YES;
				CLANG_WARN_NON_LITERAL_NULL_CONVERSION = YES;
				CLANG_WARN_OBJC_IMPLICIT_RETAIN_SELF = YES;
				CLANG_WARN_OBJC_LITERAL_CONVERSION = YES;
				CLANG_WARN_OBJC_ROOT_CLASS = YES_ERROR;
				CLANG_WARN_QUOTED_INCLUDE_IN_FRAMEWORK_HEADER = YES;
				CLANG_WARN_RANGE_LOOP_ANALYSIS = YES;
				CLANG_WARN_STRICT_PROTOTYPES = YES;
				CLANG_WARN_SUSPICIOUS_MOVE = YES;
				CLANG_WARN_UNGUARDED_AVAILABILITY = YES_AGGRESSIVE;
				CLANG_WARN_UNREACHABLE_CODE = YES;
				CLANG_WARN__DUPLICATE_METHOD_MATCH = YES;
				COPY_PHASE_STRIP = NO;
				DEBUG_INFORMATION_FORMAT = "dwarf-with-dsym";
				ENABLE_NS_ASSERTIONS = NO;
				ENABLE_STRICT_OBJC_MSGSEND = YES;
				GCC_C_LANGUAGE_STANDARD = gnu11;
				GCC_NO_COMMON_BLOCKS = YES;
				GCC_WARN_64_TO_32_BIT_CONVERSION = YES;
				GCC_WARN_ABOUT_RETURN_TYPE = YES_ERROR;
				GCC_WARN_UNDECLARED_SELECTOR = YES;
				GCC_WARN_UNINITIALIZED_AUTOS = YES_AGGRESSIVE;
				GCC_WARN_UNUSED_FUNCTION = YES;
				GCC_WARN_UNUSED_VARIABLE = YES;
				IPHONEOS_DEPLOYMENT_TARGET = 14.4;
				MTL_ENABLE_DEBUG_INFO = NO;
				MTL_FAST_MATH = YES;
				SDKROOT = iphoneos;
				SWIFT_COMPILATION_MODE = wholemodule;
				SWIFT_OPTIMIZATION_LEVEL = "-O";
				VALIDATE_PRODUCT = YES;
			};
			name = Release;
		};
		CC5598D0262DB6AA008EE8D4 /* Debug */ = {
			isa = XCBuildConfiguration;
			buildSettings = {
				ASSETCATALOG_COMPILER_APPICON_NAME = AppIcon;
				ASSETCATALOG_COMPILER_GLOBAL_ACCENT_COLOR_NAME = AccentColor;
				CODE_SIGN_STYLE = Automatic;
				DEVELOPMENT_ASSET_PATHS = "\"HelloWord_alpha/Preview Content\"";
				DEVELOPMENT_TEAM = 86F3BYCLAK;
				ENABLE_PREVIEWS = YES;
				INFOPLIST_FILE = HelloWord_alpha/Info.plist;
				LD_RUNPATH_SEARCH_PATHS = (
					"$(inherited)",
					"@executable_path/Frameworks",
				);
				PRODUCT_BUNDLE_IDENTIFIER = "jaemoo.HelloWord-alpha";
				PRODUCT_NAME = "$(TARGET_NAME)";
				SWIFT_VERSION = 5.0;
				TARGETED_DEVICE_FAMILY = "1,2";
			};
			name = Debug;
		};
		CC5598D1262DB6AA008EE8D4 /* Release */ = {
			isa = XCBuildConfiguration;
			buildSettings = {
				ASSETCATALOG_COMPILER_APPICON_NAME = AppIcon;
				ASSETCATALOG_COMPILER_GLOBAL_ACCENT_COLOR_NAME = AccentColor;
				CODE_SIGN_STYLE = Automatic;
				DEVELOPMENT_ASSET_PATHS = "\"HelloWord_alpha/Preview Content\"";
				DEVELOPMENT_TEAM = 86F3BYCLAK;
				ENABLE_PREVIEWS = YES;
				INFOPLIST_FILE = HelloWord_alpha/Info.plist;
				LD_RUNPATH_SEARCH_PATHS = (
					"$(inherited)",
					"@executable_path/Frameworks",
				);
				PRODUCT_BUNDLE_IDENTIFIER = "jaemoo.HelloWord-alpha";
				PRODUCT_NAME = "$(TARGET_NAME)";
				SWIFT_VERSION = 5.0;
				TARGETED_DEVICE_FAMILY = "1,2";
			};
			name = Release;
		};
/* End XCBuildConfiguration section */

/* Begin XCConfigurationList section */
		CC5598B6262DB6A8008EE8D4 /* Build configuration list for PBXProject "HelloWord_alpha" */ = {
			isa = XCConfigurationList;
			buildConfigurations = (
				CC5598CD262DB6AA008EE8D4 /* Debug */,
				CC5598CE262DB6AA008EE8D4 /* Release */,
			);
			defaultConfigurationIsVisible = 0;
			defaultConfigurationName = Release;
		};
		CC5598CF262DB6AA008EE8D4 /* Build configuration list for PBXNativeTarget "HelloWord_alpha" */ = {
			isa = XCConfigurationList;
			buildConfigurations = (
				CC5598D0262DB6AA008EE8D4 /* Debug */,
				CC5598D1262DB6AA008EE8D4 /* Release */,
			);
			defaultConfigurationIsVisible = 0;
			defaultConfigurationName = Release;
		};
/* End XCConfigurationList section */
	};
	rootObject = CC5598B3262DB6A8008EE8D4 /* Project object */;
}
