// !$*UTF8*$!
{
	archiveVersion = 1;
	classes = {
	};
	objectVersion = 52;
	objects = {

/* Begin PBXBuildFile section */
		CC4A1A302619AEDF00FDF4AC /* hellowordApp.swift in Sources */ = {isa = PBXBuildFile; fileRef = CC4A1A2F2619AEDF00FDF4AC /* hellowordApp.swift */; };
		CC4A1A322619AEDF00FDF4AC /* MainView.swift in Sources */ = {isa = PBXBuildFile; fileRef = CC4A1A312619AEDF00FDF4AC /* MainView.swift */; };
		CC4A1A342619AEE100FDF4AC /* Assets.xcassets in Resources */ = {isa = PBXBuildFile; fileRef = CC4A1A332619AEE100FDF4AC /* Assets.xcassets */; };
		CC4A1A372619AEE100FDF4AC /* Preview Assets.xcassets in Resources */ = {isa = PBXBuildFile; fileRef = CC4A1A362619AEE100FDF4AC /* Preview Assets.xcassets */; };
		CC4A1A402619B05800FDF4AC /* WordModel.swift in Sources */ = {isa = PBXBuildFile; fileRef = CC4A1A3F2619B05800FDF4AC /* WordModel.swift */; };
		CC4A1A432619B1E300FDF4AC /* WordViewModel.swift in Sources */ = {isa = PBXBuildFile; fileRef = CC4A1A422619B1E300FDF4AC /* WordViewModel.swift */; };
		CC822E93261CB1470037A95C /* Array+getIndex.swift in Sources */ = {isa = PBXBuildFile; fileRef = CC822E92261CB1470037A95C /* Array+getIndex.swift */; };
		CC99AC89261DEA240011456E /* Realm in Frameworks */ = {isa = PBXBuildFile; productRef = CC99AC88261DEA240011456E /* Realm */; };
		CC99AC8B261DEA240011456E /* RealmSwift in Frameworks */ = {isa = PBXBuildFile; productRef = CC99AC8A261DEA240011456E /* RealmSwift */; };
/* End PBXBuildFile section */

/* Begin PBXFileReference section */
		CC4A1A2C2619AEDF00FDF4AC /* helloword.app */ = {isa = PBXFileReference; explicitFileType = wrapper.application; includeInIndex = 0; path = helloword.app; sourceTree = BUILT_PRODUCTS_DIR; };
		CC4A1A2F2619AEDF00FDF4AC /* hellowordApp.swift */ = {isa = PBXFileReference; lastKnownFileType = sourcecode.swift; path = hellowordApp.swift; sourceTree = "<group>"; };
		CC4A1A312619AEDF00FDF4AC /* MainView.swift */ = {isa = PBXFileReference; lastKnownFileType = sourcecode.swift; path = MainView.swift; sourceTree = "<group>"; };
		CC4A1A332619AEE100FDF4AC /* Assets.xcassets */ = {isa = PBXFileReference; lastKnownFileType = folder.assetcatalog; path = Assets.xcassets; sourceTree = "<group>"; };
		CC4A1A362619AEE100FDF4AC /* Preview Assets.xcassets */ = {isa = PBXFileReference; lastKnownFileType = folder.assetcatalog; path = "Preview Assets.xcassets"; sourceTree = "<group>"; };
		CC4A1A382619AEE100FDF4AC /* Info.plist */ = {isa = PBXFileReference; lastKnownFileType = text.plist.xml; path = Info.plist; sourceTree = "<group>"; };
		CC4A1A3F2619B05800FDF4AC /* WordModel.swift */ = {isa = PBXFileReference; lastKnownFileType = sourcecode.swift; path = WordModel.swift; sourceTree = "<group>"; };
		CC4A1A422619B1E300FDF4AC /* WordViewModel.swift */ = {isa = PBXFileReference; lastKnownFileType = sourcecode.swift; path = WordViewModel.swift; sourceTree = "<group>"; };
		CC822E92261CB1470037A95C /* Array+getIndex.swift */ = {isa = PBXFileReference; lastKnownFileType = sourcecode.swift; path = "Array+getIndex.swift"; sourceTree = "<group>"; };
/* End PBXFileReference section */

/* Begin PBXFrameworksBuildPhase section */
		CC4A1A292619AEDF00FDF4AC /* Frameworks */ = {
			isa = PBXFrameworksBuildPhase;
			buildActionMask = 2147483647;
			files = (
				CC99AC8B261DEA240011456E /* RealmSwift in Frameworks */,
				CC99AC89261DEA240011456E /* Realm in Frameworks */,
			);
			runOnlyForDeploymentPostprocessing = 0;
		};
/* End PBXFrameworksBuildPhase section */

/* Begin PBXGroup section */
		CC4A1A232619AEDF00FDF4AC = {
			isa = PBXGroup;
			children = (
				CC4A1A2E2619AEDF00FDF4AC /* helloword */,
				CC4A1A2D2619AEDF00FDF4AC /* Products */,
			);
			sourceTree = "<group>";
		};
		CC4A1A2D2619AEDF00FDF4AC /* Products */ = {
			isa = PBXGroup;
			children = (
				CC4A1A2C2619AEDF00FDF4AC /* helloword.app */,
			);
			name = Products;
			sourceTree = "<group>";
		};
		CC4A1A2E2619AEDF00FDF4AC /* helloword */ = {
			isa = PBXGroup;
			children = (
				CC822E91261CB0AC0037A95C /* Extensions */,
				CCB28ABF261B5D16004A9A9B /* Model */,
				CCB28ABE261B5D0E004A9A9B /* ViewModel */,
				CCB28ABD261B5D05004A9A9B /* View */,
				CC4A1A2F2619AEDF00FDF4AC /* hellowordApp.swift */,
				CC4A1A332619AEE100FDF4AC /* Assets.xcassets */,
				CC4A1A382619AEE100FDF4AC /* Info.plist */,
				CC4A1A352619AEE100FDF4AC /* Preview Content */,
			);
			path = helloword;
			sourceTree = "<group>";
		};
		CC4A1A352619AEE100FDF4AC /* Preview Content */ = {
			isa = PBXGroup;
			children = (
				CC4A1A362619AEE100FDF4AC /* Preview Assets.xcassets */,
			);
			path = "Preview Content";
			sourceTree = "<group>";
		};
		CC822E91261CB0AC0037A95C /* Extensions */ = {
			isa = PBXGroup;
			children = (
				CC822E92261CB1470037A95C /* Array+getIndex.swift */,
			);
			path = Extensions;
			sourceTree = "<group>";
		};
		CCB28ABD261B5D05004A9A9B /* View */ = {
			isa = PBXGroup;
			children = (
				CC4A1A312619AEDF00FDF4AC /* MainView.swift */,
			);
			path = View;
			sourceTree = "<group>";
		};
		CCB28ABE261B5D0E004A9A9B /* ViewModel */ = {
			isa = PBXGroup;
			children = (
				CC4A1A422619B1E300FDF4AC /* WordViewModel.swift */,
			);
			path = ViewModel;
			sourceTree = "<group>";
		};
		CCB28ABF261B5D16004A9A9B /* Model */ = {
			isa = PBXGroup;
			children = (
				CC4A1A3F2619B05800FDF4AC /* WordModel.swift */,
			);
			path = Model;
			sourceTree = "<group>";
		};
/* End PBXGroup section */

/* Begin PBXNativeTarget section */
		CC4A1A2B2619AEDF00FDF4AC /* helloword */ = {
			isa = PBXNativeTarget;
			buildConfigurationList = CC4A1A3B2619AEE100FDF4AC /* Build configuration list for PBXNativeTarget "helloword" */;
			buildPhases = (
				CC4A1A282619AEDF00FDF4AC /* Sources */,
				CC4A1A292619AEDF00FDF4AC /* Frameworks */,
				CC4A1A2A2619AEDF00FDF4AC /* Resources */,
			);
			buildRules = (
			);
			dependencies = (
			);
			name = helloword;
			packageProductDependencies = (
				CC99AC88261DEA240011456E /* Realm */,
				CC99AC8A261DEA240011456E /* RealmSwift */,
			);
			productName = helloword;
			productReference = CC4A1A2C2619AEDF00FDF4AC /* helloword.app */;
			productType = "com.apple.product-type.application";
		};
/* End PBXNativeTarget section */

/* Begin PBXProject section */
		CC4A1A242619AEDF00FDF4AC /* Project object */ = {
			isa = PBXProject;
			attributes = {
				LastSwiftUpdateCheck = 1240;
				LastUpgradeCheck = 1240;
				TargetAttributes = {
					CC4A1A2B2619AEDF00FDF4AC = {
						CreatedOnToolsVersion = 12.4;
					};
				};
			};
			buildConfigurationList = CC4A1A272619AEDF00FDF4AC /* Build configuration list for PBXProject "helloword" */;
			compatibilityVersion = "Xcode 9.3";
			developmentRegion = en;
			hasScannedForEncodings = 0;
			knownRegions = (
				en,
				Base,
			);
			mainGroup = CC4A1A232619AEDF00FDF4AC;
			packageReferences = (
				CC99AC87261DEA240011456E /* XCRemoteSwiftPackageReference "realm-cocoa" */,
			);
			productRefGroup = CC4A1A2D2619AEDF00FDF4AC /* Products */;
			projectDirPath = "";
			projectRoot = "";
			targets = (
				CC4A1A2B2619AEDF00FDF4AC /* helloword */,
			);
		};
/* End PBXProject section */

/* Begin PBXResourcesBuildPhase section */
		CC4A1A2A2619AEDF00FDF4AC /* Resources */ = {
			isa = PBXResourcesBuildPhase;
			buildActionMask = 2147483647;
			files = (
				CC4A1A372619AEE100FDF4AC /* Preview Assets.xcassets in Resources */,
				CC4A1A342619AEE100FDF4AC /* Assets.xcassets in Resources */,
			);
			runOnlyForDeploymentPostprocessing = 0;
		};
/* End PBXResourcesBuildPhase section */

/* Begin PBXSourcesBuildPhase section */
		CC4A1A282619AEDF00FDF4AC /* Sources */ = {
			isa = PBXSourcesBuildPhase;
			buildActionMask = 2147483647;
			files = (
				CC4A1A322619AEDF00FDF4AC /* MainView.swift in Sources */,
				CC4A1A432619B1E300FDF4AC /* WordViewModel.swift in Sources */,
				CC4A1A402619B05800FDF4AC /* WordModel.swift in Sources */,
				CC4A1A302619AEDF00FDF4AC /* hellowordApp.swift in Sources */,
				CC822E93261CB1470037A95C /* Array+getIndex.swift in Sources */,
			);
			runOnlyForDeploymentPostprocessing = 0;
		};
/* End PBXSourcesBuildPhase section */

/* Begin XCBuildConfiguration section */
		CC4A1A392619AEE100FDF4AC /* Debug */ = {
			isa = XCBuildConfiguration;
			buildSettings = {
				ALWAYS_SEARCH_USER_PATHS = NO;
				CLANG_ANALYZER_NONNULL = YES;
				CLANG_ANALYZER_NUMBER_OBJECT_CONVERSION = YES_AGGRESSIVE;
				CLANG_CXX_LANGUAGE_STANDARD = "gnu++14";
				CLANG_CXX_LIBRARY = "libc++";
				CLANG_ENABLE_MODULES = YES;
				CLANG_ENABLE_OBJC_ARC = YES;
				CLANG_ENABLE_OBJC_WEAK = YES;
				CLANG_WARN_BLOCK_CAPTURE_AUTORELEASING = YES;
				CLANG_WARN_BOOL_CONVERSION = YES;
				CLANG_WARN_COMMA = YES;
				CLANG_WARN_CONSTANT_CONVERSION = YES;
				CLANG_WARN_DEPRECATED_OBJC_IMPLEMENTATIONS = YES;
				CLANG_WARN_DIRECT_OBJC_ISA_USAGE = YES_ERROR;
				CLANG_WARN_DOCUMENTATION_COMMENTS = YES;
				CLANG_WARN_EMPTY_BODY = YES;
				CLANG_WARN_ENUM_CONVERSION = YES;
				CLANG_WARN_INFINITE_RECURSION = YES;
				CLANG_WARN_INT_CONVERSION = YES;
				CLANG_WARN_NON_LITERAL_NULL_CONVERSION = YES;
				CLANG_WARN_OBJC_IMPLICIT_RETAIN_SELF = YES;
				CLANG_WARN_OBJC_LITERAL_CONVERSION = YES;
				CLANG_WARN_OBJC_ROOT_CLASS = YES_ERROR;
				CLANG_WARN_QUOTED_INCLUDE_IN_FRAMEWORK_HEADER = YES;
				CLANG_WARN_RANGE_LOOP_ANALYSIS = YES;
				CLANG_WARN_STRICT_PROTOTYPES = YES;
				CLANG_WARN_SUSPICIOUS_MOVE = YES;
				CLANG_WARN_UNGUARDED_AVAILABILITY = YES_AGGRESSIVE;
				CLANG_WARN_UNREACHABLE_CODE = YES;
				CLANG_WARN__DUPLICATE_METHOD_MATCH = YES;
				COPY_PHASE_STRIP = NO;
				DEBUG_INFORMATION_FORMAT = dwarf;
				ENABLE_STRICT_OBJC_MSGSEND = YES;
				ENABLE_TESTABILITY = YES;
				GCC_C_LANGUAGE_STANDARD = gnu11;
				GCC_DYNAMIC_NO_PIC = NO;
				GCC_NO_COMMON_BLOCKS = YES;
				GCC_OPTIMIZATION_LEVEL = 0;
				GCC_PREPROCESSOR_DEFINITIONS = (
					"DEBUG=1",
					"$(inherited)",
				);
				GCC_WARN_64_TO_32_BIT_CONVERSION = YES;
				GCC_WARN_ABOUT_RETURN_TYPE = YES_ERROR;
				GCC_WARN_UNDECLARED_SELECTOR = YES;
				GCC_WARN_UNINITIALIZED_AUTOS = YES_AGGRESSIVE;
				GCC_WARN_UNUSED_FUNCTION = YES;
				GCC_WARN_UNUSED_VARIABLE = YES;
				IPHONEOS_DEPLOYMENT_TARGET = 14.4;
				MTL_ENABLE_DEBUG_INFO = INCLUDE_SOURCE;
				MTL_FAST_MATH = YES;
				ONLY_ACTIVE_ARCH = YES;
				SDKROOT = iphoneos;
				SWIFT_ACTIVE_COMPILATION_CONDITIONS = DEBUG;
				SWIFT_OPTIMIZATION_LEVEL = "-Onone";
			};
			name = Debug;
		};
		CC4A1A3A2619AEE100FDF4AC /* Release */ = {
			isa = XCBuildConfiguration;
			buildSettings = {
				ALWAYS_SEARCH_USER_PATHS = NO;
				CLANG_ANALYZER_NONNULL = YES;
				CLANG_ANALYZER_NUMBER_OBJECT_CONVERSION = YES_AGGRESSIVE;
				CLANG_CXX_LANGUAGE_STANDARD = "gnu++14";
				CLANG_CXX_LIBRARY = "libc++";
				CLANG_ENABLE_MODULES = YES;
				CLANG_ENABLE_OBJC_ARC = YES;
				CLANG_ENABLE_OBJC_WEAK = YES;
				CLANG_WARN_BLOCK_CAPTURE_AUTORELEASING = YES;
				CLANG_WARN_BOOL_CONVERSION = YES;
				CLANG_WARN_COMMA = YES;
				CLANG_WARN_CONSTANT_CONVERSION = YES;
				CLANG_WARN_DEPRECATED_OBJC_IMPLEMENTATIONS = YES;
				CLANG_WARN_DIRECT_OBJC_ISA_USAGE = YES_ERROR;
				CLANG_WARN_DOCUMENTATION_COMMENTS = YES;
				CLANG_WARN_EMPTY_BODY = YES;
				CLANG_WARN_ENUM_CONVERSION = YES;
				CLANG_WARN_INFINITE_RECURSION = YES;
				CLANG_WARN_INT_CONVERSION = YES;
				CLANG_WARN_NON_LITERAL_NULL_CONVERSION = YES;
				CLANG_WARN_OBJC_IMPLICIT_RETAIN_SELF = YES;
				CLANG_WARN_OBJC_LITERAL_CONVERSION = YES;
				CLANG_WARN_OBJC_ROOT_CLASS = YES_ERROR;
				CLANG_WARN_QUOTED_INCLUDE_IN_FRAMEWORK_HEADER = YES;
				CLANG_WARN_RANGE_LOOP_ANALYSIS = YES;
				CLANG_WARN_STRICT_PROTOTYPES = YES;
				CLANG_WARN_SUSPICIOUS_MOVE = YES;
				CLANG_WARN_UNGUARDED_AVAILABILITY = YES_AGGRESSIVE;
				CLANG_WARN_UNREACHABLE_CODE = YES;
				CLANG_WARN__DUPLICATE_METHOD_MATCH = YES;
				COPY_PHASE_STRIP = NO;
				DEBUG_INFORMATION_FORMAT = "dwarf-with-dsym";
				ENABLE_NS_ASSERTIONS = NO;
				ENABLE_STRICT_OBJC_MSGSEND = YES;
				GCC_C_LANGUAGE_STANDARD = gnu11;
				GCC_NO_COMMON_BLOCKS = YES;
				GCC_WARN_64_TO_32_BIT_CONVERSION = YES;
				GCC_WARN_ABOUT_RETURN_TYPE = YES_ERROR;
				GCC_WARN_UNDECLARED_SELECTOR = YES;
				GCC_WARN_UNINITIALIZED_AUTOS = YES_AGGRESSIVE;
				GCC_WARN_UNUSED_FUNCTION = YES;
				GCC_WARN_UNUSED_VARIABLE = YES;
				IPHONEOS_DEPLOYMENT_TARGET = 14.4;
				MTL_ENABLE_DEBUG_INFO = NO;
				MTL_FAST_MATH = YES;
				SDKROOT = iphoneos;
				SWIFT_COMPILATION_MODE = wholemodule;
				SWIFT_OPTIMIZATION_LEVEL = "-O";
				VALIDATE_PRODUCT = YES;
			};
			name = Release;
		};
		CC4A1A3C2619AEE100FDF4AC /* Debug */ = {
			isa = XCBuildConfiguration;
			buildSettings = {
				ASSETCATALOG_COMPILER_APPICON_NAME = AppIcon;
				ASSETCATALOG_COMPILER_GLOBAL_ACCENT_COLOR_NAME = AccentColor;
				CODE_SIGN_STYLE = Automatic;
				DEVELOPMENT_ASSET_PATHS = "\"helloword/Preview Content\"";
				DEVELOPMENT_TEAM = 86F3BYCLAK;
				ENABLE_PREVIEWS = YES;
				INFOPLIST_FILE = helloword/Info.plist;
				IPHONEOS_DEPLOYMENT_TARGET = 14.0;
				LD_RUNPATH_SEARCH_PATHS = (
					"$(inherited)",
					"@executable_path/Frameworks",
				);
				PRODUCT_BUNDLE_IDENTIFIER = jaemoo.helloword;
				PRODUCT_NAME = "$(TARGET_NAME)";
				SWIFT_VERSION = 5.0;
				TARGETED_DEVICE_FAMILY = 1;
			};
			name = Debug;
		};
		CC4A1A3D2619AEE100FDF4AC /* Release */ = {
			isa = XCBuildConfiguration;
			buildSettings = {
				ASSETCATALOG_COMPILER_APPICON_NAME = AppIcon;
				ASSETCATALOG_COMPILER_GLOBAL_ACCENT_COLOR_NAME = AccentColor;
				CODE_SIGN_STYLE = Automatic;
				DEVELOPMENT_ASSET_PATHS = "\"helloword/Preview Content\"";
				DEVELOPMENT_TEAM = 86F3BYCLAK;
				ENABLE_PREVIEWS = YES;
				INFOPLIST_FILE = helloword/Info.plist;
				IPHONEOS_DEPLOYMENT_TARGET = 14.0;
				LD_RUNPATH_SEARCH_PATHS = (
					"$(inherited)",
					"@executable_path/Frameworks",
				);
				PRODUCT_BUNDLE_IDENTIFIER = jaemoo.helloword;
				PRODUCT_NAME = "$(TARGET_NAME)";
				SWIFT_VERSION = 5.0;
				TARGETED_DEVICE_FAMILY = 1;
			};
			name = Release;
		};
/* End XCBuildConfiguration section */

/* Begin XCConfigurationList section */
		CC4A1A272619AEDF00FDF4AC /* Build configuration list for PBXProject "helloword" */ = {
			isa = XCConfigurationList;
			buildConfigurations = (
				CC4A1A392619AEE100FDF4AC /* Debug */,
				CC4A1A3A2619AEE100FDF4AC /* Release */,
			);
			defaultConfigurationIsVisible = 0;
			defaultConfigurationName = Release;
		};
		CC4A1A3B2619AEE100FDF4AC /* Build configuration list for PBXNativeTarget "helloword" */ = {
			isa = XCConfigurationList;
			buildConfigurations = (
				CC4A1A3C2619AEE100FDF4AC /* Debug */,
				CC4A1A3D2619AEE100FDF4AC /* Release */,
			);
			defaultConfigurationIsVisible = 0;
			defaultConfigurationName = Release;
		};
/* End XCConfigurationList section */

/* Begin XCRemoteSwiftPackageReference section */
		CC99AC87261DEA240011456E /* XCRemoteSwiftPackageReference "realm-cocoa" */ = {
			isa = XCRemoteSwiftPackageReference;
			repositoryURL = "https://github.com/realm/realm-cocoa.git";
			requirement = {
				kind = upToNextMajorVersion;
				minimumVersion = 10.7.2;
			};
		};
/* End XCRemoteSwiftPackageReference section */

/* Begin XCSwiftPackageProductDependency section */
		CC99AC88261DEA240011456E /* Realm */ = {
			isa = XCSwiftPackageProductDependency;
			package = CC99AC87261DEA240011456E /* XCRemoteSwiftPackageReference "realm-cocoa" */;
			productName = Realm;
		};
		CC99AC8A261DEA240011456E /* RealmSwift */ = {
			isa = XCSwiftPackageProductDependency;
			package = CC99AC87261DEA240011456E /* XCRemoteSwiftPackageReference "realm-cocoa" */;
			productName = RealmSwift;
		};
/* End XCSwiftPackageProductDependency section */
	};
	rootObject = CC4A1A242619AEDF00FDF4AC /* Project object */;
}
